
Microsoft Visual Studio Solution File, Format Version 12.00
# Visual Studio 15
VisualStudioVersion = 15.0.28307.136
MinimumVisualStudioVersion = 10.0.40219.1
Project("{FAE04EC0-301F-11D3-BF4B-00C04F79EFBC}") = "Sha1SignFile", "Sha1SignFile.csproj", "{1CC6C050-5F27-44F3-8536-E447F279B843}"
EndProject
Global
	GlobalSection(SolutionConfigurationPlatforms) = preSolution
		Debug|Any CPU = Debug|Any CPU
		Release|Any CPU = Release|Any CPU
	EndGlobalSection
	GlobalSection(ProjectConfigurationPlatforms) = postSolution
		{1CC6C050-5F27-44F3-8536-E447F279B843}.Debug|Any CPU.ActiveCfg = Debug|Any CPU
		{1CC6C050-5F27-44F3-8536-E447F279B843}.Debug|Any CPU.Build.0 = Debug|Any CPU
		{1CC6C050-5F27-44F3-8536-E447F279B843}.Release|Any CPU.ActiveCfg = Release|Any CPU
		{1CC6C050-5F27-44F3-8536-E447F279B843}.Release|Any CPU.Build.0 = Release|Any CPU
	EndGlobalSection
	GlobalSection(SolutionProperties) = preSolution
		HideSolutionNode = FALSE
	EndGlobalSection
	GlobalSection(ExtensibilityGlobals) = postSolution
		SolutionGuid = {F261843B-654C-4F14-A89F-88042403819B}
	EndGlobalSection
EndGlobal
